<Solution>
  <Configurations>
    <Platform Name="Any CPU" />
    <Build Type="Debug" />
    <Build Type="Release" />
    <Project Project="src/Frisson.Desktop/Frisson.Desktop.csproj" />
    <Project Project="src/Frisson.Core/Frisson.Core.csproj" />
  </Configurations>
  <Project Path="src/Frisson.Desktop/Frisson.Desktop.csproj" />
  <Project Path="src/Frisson.Core/Frisson.Core.csproj" />
</Solution>
